
Microsoft Visual Studio Solution File, Format Version 12.00
# Visual Studio Version 17
VisualStudioVersion = 17.0.31903.59
MinimumVisualStudioVersion = 10.0.40219.1
Project("{FAE04EC0-301F-11D3-BF4B-00C04F79EFBC}") = "task04", "task04\task04.csproj", "{17354E53-CB4B-4AD4-A765-77B5355613EA}"
EndProject
Project("{FAE04EC0-301F-11D3-BF4B-00C04F79EFBC}") = "task04tests", "task04tests\task04tests.csproj", "{3CA19955-EFA8-41B1-BB87-2E634E047A84}"
EndProject
Global
	GlobalSection(SolutionConfigurationPlatforms) = preSolution
		Debug|Any CPU = Debug|Any CPU
		Release|Any CPU = Release|Any CPU
	EndGlobalSection
	GlobalSection(ProjectConfigurationPlatforms) = postSolution
		{17354E53-CB4B-4AD4-A765-77B5355613EA}.Debug|Any CPU.ActiveCfg = Debug|Any CPU
		{17354E53-CB4B-4AD4-A765-77B5355613EA}.Debug|Any CPU.Build.0 = Debug|Any CPU
		{17354E53-CB4B-4AD4-A765-77B5355613EA}.Release|Any CPU.ActiveCfg = Release|Any CPU
		{17354E53-CB4B-4AD4-A765-77B5355613EA}.Release|Any CPU.Build.0 = Release|Any CPU
		{3CA19955-EFA8-41B1-BB87-2E634E047A84}.Debug|Any CPU.ActiveCfg = Debug|Any CPU
		{3CA19955-EFA8-41B1-BB87-2E634E047A84}.Debug|Any CPU.Build.0 = Debug|Any CPU
		{3CA19955-EFA8-41B1-BB87-2E634E047A84}.Release|Any CPU.ActiveCfg = Release|Any CPU
		{3CA19955-EFA8-41B1-BB87-2E634E047A84}.Release|Any CPU.Build.0 = Release|Any CPU
	EndGlobalSection
	GlobalSection(SolutionProperties) = preSolution
		HideSolutionNode = FALSE
	EndGlobalSection
EndGlobal
