
Microsoft Visual Studio Solution File, Format Version 12.00
# Visual Studio Version 17
VisualStudioVersion = 17.0.31903.59
MinimumVisualStudioVersion = 10.0.40219.1
Project("{FAE04EC0-301F-11D3-BF4B-00C04F79EFBC}") = "task01", "task01\task01.csproj", "{C4A8E0F6-897C-4A21-9317-173B8FFBFF0F}"
EndProject
Project("{FAE04EC0-301F-11D3-BF4B-00C04F79EFBC}") = "task01tests", "task01tests\task01tests.csproj", "{B8FA1068-1183-4B2C-A227-BF68203A9D6B}"
EndProject
Project("{FAE04EC0-301F-11D3-BF4B-00C04F79EFBC}") = "task02", "task02\task02.csproj", "{E5505A25-3B47-4744-AD6A-A793B8121CDA}"
EndProject
Project("{FAE04EC0-301F-11D3-BF4B-00C04F79EFBC}") = "task02tests", "task02tests\task02tests.csproj", "{E34D3D13-2614-4E75-8772-A452ADE14C39}"
EndProject
Global
	GlobalSection(SolutionConfigurationPlatforms) = preSolution
		Debug|Any CPU = Debug|Any CPU
		Release|Any CPU = Release|Any CPU
	EndGlobalSection
	GlobalSection(SolutionProperties) = preSolution
		HideSolutionNode = FALSE
	EndGlobalSection
	GlobalSection(ProjectConfigurationPlatforms) = postSolution
		{C4A8E0F6-897C-4A21-9317-173B8FFBFF0F}.Debug|Any CPU.ActiveCfg = Debug|Any CPU
		{C4A8E0F6-897C-4A21-9317-173B8FFBFF0F}.Debug|Any CPU.Build.0 = Debug|Any CPU
		{C4A8E0F6-897C-4A21-9317-173B8FFBFF0F}.Release|Any CPU.ActiveCfg = Release|Any CPU
		{C4A8E0F6-897C-4A21-9317-173B8FFBFF0F}.Release|Any CPU.Build.0 = Release|Any CPU
		{B8FA1068-1183-4B2C-A227-BF68203A9D6B}.Debug|Any CPU.ActiveCfg = Debug|Any CPU
		{B8FA1068-1183-4B2C-A227-BF68203A9D6B}.Debug|Any CPU.Build.0 = Debug|Any CPU
		{B8FA1068-1183-4B2C-A227-BF68203A9D6B}.Release|Any CPU.ActiveCfg = Release|Any CPU
		{B8FA1068-1183-4B2C-A227-BF68203A9D6B}.Release|Any CPU.Build.0 = Release|Any CPU
		{E5505A25-3B47-4744-AD6A-A793B8121CDA}.Debug|Any CPU.ActiveCfg = Debug|Any CPU
		{E5505A25-3B47-4744-AD6A-A793B8121CDA}.Debug|Any CPU.Build.0 = Debug|Any CPU
		{E5505A25-3B47-4744-AD6A-A793B8121CDA}.Release|Any CPU.ActiveCfg = Release|Any CPU
		{E5505A25-3B47-4744-AD6A-A793B8121CDA}.Release|Any CPU.Build.0 = Release|Any CPU
		{E34D3D13-2614-4E75-8772-A452ADE14C39}.Debug|Any CPU.ActiveCfg = Debug|Any CPU
		{E34D3D13-2614-4E75-8772-A452ADE14C39}.Debug|Any CPU.Build.0 = Debug|Any CPU
		{E34D3D13-2614-4E75-8772-A452ADE14C39}.Release|Any CPU.ActiveCfg = Release|Any CPU
		{E34D3D13-2614-4E75-8772-A452ADE14C39}.Release|Any CPU.Build.0 = Release|Any CPU
	EndGlobalSection
EndGlobal
