
Microsoft Visual Studio Solution File, Format Version 12.00
# Visual Studio Version 17
VisualStudioVersion = 17.0.31903.59
MinimumVisualStudioVersion = 10.0.40219.1
Project("{FAE04EC0-301F-11D3-BF4B-00C04F79EFBC}") = "task19", "task19\task19.csproj", "{2B0AB7B8-46A0-49C0-B622-25533B08CBDC}"
EndProject
Project("{FAE04EC0-301F-11D3-BF4B-00C04F79EFBC}") = "task19classlib", "task19classlib\task19classlib.csproj", "{BC0E2226-302C-4907-BB82-054581F7357A}"
EndProject
Global
	GlobalSection(SolutionConfigurationPlatforms) = preSolution
		Debug|Any CPU = Debug|Any CPU
		Release|Any CPU = Release|Any CPU
	EndGlobalSection
	GlobalSection(ProjectConfigurationPlatforms) = postSolution
		{2B0AB7B8-46A0-49C0-B622-25533B08CBDC}.Debug|Any CPU.ActiveCfg = Debug|Any CPU
		{2B0AB7B8-46A0-49C0-B622-25533B08CBDC}.Debug|Any CPU.Build.0 = Debug|Any CPU
		{2B0AB7B8-46A0-49C0-B622-25533B08CBDC}.Release|Any CPU.ActiveCfg = Release|Any CPU
		{2B0AB7B8-46A0-49C0-B622-25533B08CBDC}.Release|Any CPU.Build.0 = Release|Any CPU
		{BC0E2226-302C-4907-BB82-054581F7357A}.Debug|Any CPU.ActiveCfg = Debug|Any CPU
		{BC0E2226-302C-4907-BB82-054581F7357A}.Debug|Any CPU.Build.0 = Debug|Any CPU
		{BC0E2226-302C-4907-BB82-054581F7357A}.Release|Any CPU.ActiveCfg = Release|Any CPU
		{BC0E2226-302C-4907-BB82-054581F7357A}.Release|Any CPU.Build.0 = Release|Any CPU
	EndGlobalSection
	GlobalSection(SolutionProperties) = preSolution
		HideSolutionNode = FALSE
	EndGlobalSection
EndGlobal
